
Microsoft Visual Studio Solution File, Format Version 12.00
# Visual Studio Version 17
VisualStudioVersion = 17.9.34723.18
MinimumVisualStudioVersion = 10.0.40219.1
Project("{FAE04EC0-301F-11D3-BF4B-00C04F79EFBC}") = "ltwin", "ltwin\ltwin.csproj", "{A346240B-4793-442D-BFE1-D8E35C2C688F}"
EndProject
Global
	GlobalSection(SolutionConfigurationPlatforms) = preSolution
		Debug|Any CPU = Debug|Any CPU
		Release|Any CPU = Release|Any CPU
	EndGlobalSection
	GlobalSection(ProjectConfigurationPlatforms) = postSolution
		{A346240B-4793-442D-BFE1-D8E35C2C688F}.Debug|Any CPU.ActiveCfg = Debug|Any CPU
		{A346240B-4793-442D-BFE1-D8E35C2C688F}.Debug|Any CPU.Build.0 = Debug|Any CPU
		{A346240B-4793-442D-BFE1-D8E35C2C688F}.Release|Any CPU.ActiveCfg = Release|Any CPU
		{A346240B-4793-442D-BFE1-D8E35C2C688F}.Release|Any CPU.Build.0 = Release|Any CPU
	EndGlobalSection
	GlobalSection(SolutionProperties) = preSolution
		HideSolutionNode = FALSE
	EndGlobalSection
	GlobalSection(ExtensibilityGlobals) = postSolution
		SolutionGuid = {2D1F280C-23BF-4D40-B5D1-7C4D464F565F}
	EndGlobalSection
EndGlobal
